
Microsoft Visual Studio Solution File, Format Version 12.00
# Visual Studio 15
VisualStudioVersion = 15.0.28307.1022
MinimumVisualStudioVersion = 10.0.40219.1
Project("{8BC9CEB8-8B4A-11D0-8D11-00A0C91BC942}") = "carpet", "carpet\carpet.vcxproj", "{B0CA84DC-A80C-495D-B26C-AD3FFBD1521F}"
EndProject
Global
	GlobalSection(SolutionConfigurationPlatforms) = preSolution
		Debug|x64 = Debug|x64
		Debug|x86 = Debug|x86
		Release|x64 = Release|x64
		Release|x86 = Release|x86
	EndGlobalSection
	GlobalSection(ProjectConfigurationPlatforms) = postSolution
		{B0CA84DC-A80C-495D-B26C-AD3FFBD1521F}.Debug|x64.ActiveCfg = Debug|x64
		{B0CA84DC-A80C-495D-B26C-AD3FFBD1521F}.Debug|x64.Build.0 = Debug|x64
		{B0CA84DC-A80C-495D-B26C-AD3FFBD1521F}.Debug|x86.ActiveCfg = Debug|Win32
		{B0CA84DC-A80C-495D-B26C-AD3FFBD1521F}.Debug|x86.Build.0 = Debug|Win32
		{B0CA84DC-A80C-495D-B26C-AD3FFBD1521F}.Release|x64.ActiveCfg = Release|x64
		{B0CA84DC-A80C-495D-B26C-AD3FFBD1521F}.Release|x64.Build.0 = Release|x64
		{B0CA84DC-A80C-495D-B26C-AD3FFBD1521F}.Release|x86.ActiveCfg = Release|Win32
		{B0CA84DC-A80C-495D-B26C-AD3FFBD1521F}.Release|x86.Build.0 = Release|Win32
	EndGlobalSection
	GlobalSection(SolutionProperties) = preSolution
		HideSolutionNode = FALSE
	EndGlobalSection
	GlobalSection(ExtensibilityGlobals) = postSolution
		SolutionGuid = {FEF3B0B0-A5F7-4027-99F3-1D9660430521}
	EndGlobalSection
EndGlobal
