
Microsoft Visual Studio Solution File, Format Version 12.00
# Visual Studio 15
VisualStudioVersion = 15.0.28307.1022
MinimumVisualStudioVersion = 10.0.40219.1
Project("{8BC9CEB8-8B4A-11D0-8D11-00A0C91BC942}") = "Joystick", "Joystick\Joystick.vcxproj", "{7D20A6DA-230A-47E0-9AC4-D3CE891E8EAA}"
EndProject
Global
	GlobalSection(SolutionConfigurationPlatforms) = preSolution
		Debug|x64 = Debug|x64
		Debug|x86 = Debug|x86
		Release|x64 = Release|x64
		Release|x86 = Release|x86
	EndGlobalSection
	GlobalSection(ProjectConfigurationPlatforms) = postSolution
		{7D20A6DA-230A-47E0-9AC4-D3CE891E8EAA}.Debug|x64.ActiveCfg = Debug|x64
		{7D20A6DA-230A-47E0-9AC4-D3CE891E8EAA}.Debug|x64.Build.0 = Debug|x64
		{7D20A6DA-230A-47E0-9AC4-D3CE891E8EAA}.Debug|x86.ActiveCfg = Debug|Win32
		{7D20A6DA-230A-47E0-9AC4-D3CE891E8EAA}.Debug|x86.Build.0 = Debug|Win32
		{7D20A6DA-230A-47E0-9AC4-D3CE891E8EAA}.Release|x64.ActiveCfg = Release|x64
		{7D20A6DA-230A-47E0-9AC4-D3CE891E8EAA}.Release|x64.Build.0 = Release|x64
		{7D20A6DA-230A-47E0-9AC4-D3CE891E8EAA}.Release|x86.ActiveCfg = Release|Win32
		{7D20A6DA-230A-47E0-9AC4-D3CE891E8EAA}.Release|x86.Build.0 = Release|Win32
	EndGlobalSection
	GlobalSection(SolutionProperties) = preSolution
		HideSolutionNode = FALSE
	EndGlobalSection
	GlobalSection(ExtensibilityGlobals) = postSolution
		SolutionGuid = {676C7C9B-DFAD-4627-8EEA-AAB714BA5894}
	EndGlobalSection
EndGlobal
